
Microsoft Visual Studio Solution File, Format Version 12.00
# Visual Studio Version 16
VisualStudioVersion = 16.0.32106.194
MinimumVisualStudioVersion = 10.0.40219.1
Project("{FAE04EC0-301F-11D3-BF4B-00C04F79EFBC}") = "HourglassIn2dArray", "HourglassIn2dArray.csproj", "{F45E1C0A-487A-4A93-AAD8-55B6165EEEA6}"
EndProject
Global
	GlobalSection(SolutionConfigurationPlatforms) = preSolution
		Debug|Any CPU = Debug|Any CPU
		Release|Any CPU = Release|Any CPU
	EndGlobalSection
	GlobalSection(ProjectConfigurationPlatforms) = postSolution
		{F45E1C0A-487A-4A93-AAD8-55B6165EEEA6}.Debug|Any CPU.ActiveCfg = Debug|Any CPU
		{F45E1C0A-487A-4A93-AAD8-55B6165EEEA6}.Debug|Any CPU.Build.0 = Debug|Any CPU
		{F45E1C0A-487A-4A93-AAD8-55B6165EEEA6}.Release|Any CPU.ActiveCfg = Release|Any CPU
		{F45E1C0A-487A-4A93-AAD8-55B6165EEEA6}.Release|Any CPU.Build.0 = Release|Any CPU
	EndGlobalSection
	GlobalSection(SolutionProperties) = preSolution
		HideSolutionNode = FALSE
	EndGlobalSection
	GlobalSection(ExtensibilityGlobals) = postSolution
		SolutionGuid = {906FDB7D-4728-4E8B-B351-B86DF86B818E}
	EndGlobalSection
EndGlobal
